
Microsoft Visual Studio Solution File, Format Version 12.00
# Visual Studio 15
VisualStudioVersion = 15.0.28010.2041
MinimumVisualStudioVersion = 10.0.40219.1
Project("{FAE04EC0-301F-11D3-BF4B-00C04F79EFBC}") = "08-InterfazConEscalables-UWP", "08-InterfazConEscalables-UWP\08-InterfazConEscalables-UWP.csproj", "{02ED6788-2B7C-4C6C-8EB2-8B0866DA7B51}"
EndProject
Global
	GlobalSection(SolutionConfigurationPlatforms) = preSolution
		Debug|ARM = Debug|ARM
		Debug|x64 = Debug|x64
		Debug|x86 = Debug|x86
		Release|ARM = Release|ARM
		Release|x64 = Release|x64
		Release|x86 = Release|x86
	EndGlobalSection
	GlobalSection(ProjectConfigurationPlatforms) = postSolution
		{02ED6788-2B7C-4C6C-8EB2-8B0866DA7B51}.Debug|ARM.ActiveCfg = Debug|ARM
		{02ED6788-2B7C-4C6C-8EB2-8B0866DA7B51}.Debug|ARM.Build.0 = Debug|ARM
		{02ED6788-2B7C-4C6C-8EB2-8B0866DA7B51}.Debug|ARM.Deploy.0 = Debug|ARM
		{02ED6788-2B7C-4C6C-8EB2-8B0866DA7B51}.Debug|x64.ActiveCfg = Debug|x64
		{02ED6788-2B7C-4C6C-8EB2-8B0866DA7B51}.Debug|x64.Build.0 = Debug|x64
		{02ED6788-2B7C-4C6C-8EB2-8B0866DA7B51}.Debug|x64.Deploy.0 = Debug|x64
		{02ED6788-2B7C-4C6C-8EB2-8B0866DA7B51}.Debug|x86.ActiveCfg = Debug|x86
		{02ED6788-2B7C-4C6C-8EB2-8B0866DA7B51}.Debug|x86.Build.0 = Debug|x86
		{02ED6788-2B7C-4C6C-8EB2-8B0866DA7B51}.Debug|x86.Deploy.0 = Debug|x86
		{02ED6788-2B7C-4C6C-8EB2-8B0866DA7B51}.Release|ARM.ActiveCfg = Release|ARM
		{02ED6788-2B7C-4C6C-8EB2-8B0866DA7B51}.Release|ARM.Build.0 = Release|ARM
		{02ED6788-2B7C-4C6C-8EB2-8B0866DA7B51}.Release|ARM.Deploy.0 = Release|ARM
		{02ED6788-2B7C-4C6C-8EB2-8B0866DA7B51}.Release|x64.ActiveCfg = Release|x64
		{02ED6788-2B7C-4C6C-8EB2-8B0866DA7B51}.Release|x64.Build.0 = Release|x64
		{02ED6788-2B7C-4C6C-8EB2-8B0866DA7B51}.Release|x64.Deploy.0 = Release|x64
		{02ED6788-2B7C-4C6C-8EB2-8B0866DA7B51}.Release|x86.ActiveCfg = Release|x86
		{02ED6788-2B7C-4C6C-8EB2-8B0866DA7B51}.Release|x86.Build.0 = Release|x86
		{02ED6788-2B7C-4C6C-8EB2-8B0866DA7B51}.Release|x86.Deploy.0 = Release|x86
	EndGlobalSection
	GlobalSection(SolutionProperties) = preSolution
		HideSolutionNode = FALSE
	EndGlobalSection
	GlobalSection(ExtensibilityGlobals) = postSolution
		SolutionGuid = {20A85944-5A7B-4F62-8263-763749DE2852}
	EndGlobalSection
EndGlobal
