
Microsoft Visual Studio Solution File, Format Version 12.00
# Visual Studio 15
VisualStudioVersion = 15.0.28010.2050
MinimumVisualStudioVersion = 10.0.40219.1
Project("{FAE04EC0-301F-11D3-BF4B-00C04F79EFBC}") = "16-ListaLoL-UI", "16-ListaLoL-UI\16-ListaLoL-UI.csproj", "{F959DD34-B020-43E5-B2FC-8497DA7CCAC4}"
EndProject
Project("{FAE04EC0-301F-11D3-BF4B-00C04F79EFBC}") = "16-ListaLoL-DAL", "16-ListaLoL-DAL\16-ListaLoL-DAL.csproj", "{FBB0AF56-36BE-44B4-9F6E-C13E9BF26B2B}"
EndProject
Project("{FAE04EC0-301F-11D3-BF4B-00C04F79EFBC}") = "16-ListaLoL-BL", "16-ListaLoL-BL\16-ListaLoL-BL.csproj", "{28010C3C-9680-4E76-908C-682FAD595454}"
EndProject
Project("{FAE04EC0-301F-11D3-BF4B-00C04F79EFBC}") = "16-ListaLoL-Entidades", "16-ListaLoL-Entidades\16-ListaLoL-Entidades.csproj", "{98174E30-02D7-4E31-A650-9CEE49CB498D}"
EndProject
Global
	GlobalSection(SolutionConfigurationPlatforms) = preSolution
		Debug|Any CPU = Debug|Any CPU
		Debug|ARM = Debug|ARM
		Debug|x64 = Debug|x64
		Debug|x86 = Debug|x86
		Release|Any CPU = Release|Any CPU
		Release|ARM = Release|ARM
		Release|x64 = Release|x64
		Release|x86 = Release|x86
	EndGlobalSection
	GlobalSection(ProjectConfigurationPlatforms) = postSolution
		{F959DD34-B020-43E5-B2FC-8497DA7CCAC4}.Debug|Any CPU.ActiveCfg = Debug|x86
		{F959DD34-B020-43E5-B2FC-8497DA7CCAC4}.Debug|ARM.ActiveCfg = Debug|ARM
		{F959DD34-B020-43E5-B2FC-8497DA7CCAC4}.Debug|ARM.Build.0 = Debug|ARM
		{F959DD34-B020-43E5-B2FC-8497DA7CCAC4}.Debug|ARM.Deploy.0 = Debug|ARM
		{F959DD34-B020-43E5-B2FC-8497DA7CCAC4}.Debug|x64.ActiveCfg = Debug|x64
		{F959DD34-B020-43E5-B2FC-8497DA7CCAC4}.Debug|x64.Build.0 = Debug|x64
		{F959DD34-B020-43E5-B2FC-8497DA7CCAC4}.Debug|x64.Deploy.0 = Debug|x64
		{F959DD34-B020-43E5-B2FC-8497DA7CCAC4}.Debug|x86.ActiveCfg = Debug|x86
		{F959DD34-B020-43E5-B2FC-8497DA7CCAC4}.Debug|x86.Build.0 = Debug|x86
		{F959DD34-B020-43E5-B2FC-8497DA7CCAC4}.Debug|x86.Deploy.0 = Debug|x86
		{F959DD34-B020-43E5-B2FC-8497DA7CCAC4}.Release|Any CPU.ActiveCfg = Release|x86
		{F959DD34-B020-43E5-B2FC-8497DA7CCAC4}.Release|ARM.ActiveCfg = Release|ARM
		{F959DD34-B020-43E5-B2FC-8497DA7CCAC4}.Release|ARM.Build.0 = Release|ARM
		{F959DD34-B020-43E5-B2FC-8497DA7CCAC4}.Release|ARM.Deploy.0 = Release|ARM
		{F959DD34-B020-43E5-B2FC-8497DA7CCAC4}.Release|x64.ActiveCfg = Release|x64
		{F959DD34-B020-43E5-B2FC-8497DA7CCAC4}.Release|x64.Build.0 = Release|x64
		{F959DD34-B020-43E5-B2FC-8497DA7CCAC4}.Release|x64.Deploy.0 = Release|x64
		{F959DD34-B020-43E5-B2FC-8497DA7CCAC4}.Release|x86.ActiveCfg = Release|x86
		{F959DD34-B020-43E5-B2FC-8497DA7CCAC4}.Release|x86.Build.0 = Release|x86
		{F959DD34-B020-43E5-B2FC-8497DA7CCAC4}.Release|x86.Deploy.0 = Release|x86
		{FBB0AF56-36BE-44B4-9F6E-C13E9BF26B2B}.Debug|Any CPU.ActiveCfg = Debug|Any CPU
		{FBB0AF56-36BE-44B4-9F6E-C13E9BF26B2B}.Debug|Any CPU.Build.0 = Debug|Any CPU
		{FBB0AF56-36BE-44B4-9F6E-C13E9BF26B2B}.Debug|ARM.ActiveCfg = Debug|ARM
		{FBB0AF56-36BE-44B4-9F6E-C13E9BF26B2B}.Debug|ARM.Build.0 = Debug|ARM
		{FBB0AF56-36BE-44B4-9F6E-C13E9BF26B2B}.Debug|x64.ActiveCfg = Debug|x64
		{FBB0AF56-36BE-44B4-9F6E-C13E9BF26B2B}.Debug|x64.Build.0 = Debug|x64
		{FBB0AF56-36BE-44B4-9F6E-C13E9BF26B2B}.Debug|x86.ActiveCfg = Debug|x86
		{FBB0AF56-36BE-44B4-9F6E-C13E9BF26B2B}.Debug|x86.Build.0 = Debug|x86
		{FBB0AF56-36BE-44B4-9F6E-C13E9BF26B2B}.Release|Any CPU.ActiveCfg = Release|Any CPU
		{FBB0AF56-36BE-44B4-9F6E-C13E9BF26B2B}.Release|Any CPU.Build.0 = Release|Any CPU
		{FBB0AF56-36BE-44B4-9F6E-C13E9BF26B2B}.Release|ARM.ActiveCfg = Release|ARM
		{FBB0AF56-36BE-44B4-9F6E-C13E9BF26B2B}.Release|ARM.Build.0 = Release|ARM
		{FBB0AF56-36BE-44B4-9F6E-C13E9BF26B2B}.Release|x64.ActiveCfg = Release|x64
		{FBB0AF56-36BE-44B4-9F6E-C13E9BF26B2B}.Release|x64.Build.0 = Release|x64
		{FBB0AF56-36BE-44B4-9F6E-C13E9BF26B2B}.Release|x86.ActiveCfg = Release|x86
		{FBB0AF56-36BE-44B4-9F6E-C13E9BF26B2B}.Release|x86.Build.0 = Release|x86
		{28010C3C-9680-4E76-908C-682FAD595454}.Debug|Any CPU.ActiveCfg = Debug|Any CPU
		{28010C3C-9680-4E76-908C-682FAD595454}.Debug|Any CPU.Build.0 = Debug|Any CPU
		{28010C3C-9680-4E76-908C-682FAD595454}.Debug|ARM.ActiveCfg = Debug|ARM
		{28010C3C-9680-4E76-908C-682FAD595454}.Debug|ARM.Build.0 = Debug|ARM
		{28010C3C-9680-4E76-908C-682FAD595454}.Debug|x64.ActiveCfg = Debug|x64
		{28010C3C-9680-4E76-908C-682FAD595454}.Debug|x64.Build.0 = Debug|x64
		{28010C3C-9680-4E76-908C-682FAD595454}.Debug|x86.ActiveCfg = Debug|x86
		{28010C3C-9680-4E76-908C-682FAD595454}.Debug|x86.Build.0 = Debug|x86
		{28010C3C-9680-4E76-908C-682FAD595454}.Release|Any CPU.ActiveCfg = Release|Any CPU
		{28010C3C-9680-4E76-908C-682FAD595454}.Release|Any CPU.Build.0 = Release|Any CPU
		{28010C3C-9680-4E76-908C-682FAD595454}.Release|ARM.ActiveCfg = Release|ARM
		{28010C3C-9680-4E76-908C-682FAD595454}.Release|ARM.Build.0 = Release|ARM
		{28010C3C-9680-4E76-908C-682FAD595454}.Release|x64.ActiveCfg = Release|x64
		{28010C3C-9680-4E76-908C-682FAD595454}.Release|x64.Build.0 = Release|x64
		{28010C3C-9680-4E76-908C-682FAD595454}.Release|x86.ActiveCfg = Release|x86
		{28010C3C-9680-4E76-908C-682FAD595454}.Release|x86.Build.0 = Release|x86
		{98174E30-02D7-4E31-A650-9CEE49CB498D}.Debug|Any CPU.ActiveCfg = Debug|Any CPU
		{98174E30-02D7-4E31-A650-9CEE49CB498D}.Debug|Any CPU.Build.0 = Debug|Any CPU
		{98174E30-02D7-4E31-A650-9CEE49CB498D}.Debug|ARM.ActiveCfg = Debug|ARM
		{98174E30-02D7-4E31-A650-9CEE49CB498D}.Debug|ARM.Build.0 = Debug|ARM
		{98174E30-02D7-4E31-A650-9CEE49CB498D}.Debug|x64.ActiveCfg = Debug|x64
		{98174E30-02D7-4E31-A650-9CEE49CB498D}.Debug|x64.Build.0 = Debug|x64
		{98174E30-02D7-4E31-A650-9CEE49CB498D}.Debug|x86.ActiveCfg = Debug|x86
		{98174E30-02D7-4E31-A650-9CEE49CB498D}.Debug|x86.Build.0 = Debug|x86
		{98174E30-02D7-4E31-A650-9CEE49CB498D}.Release|Any CPU.ActiveCfg = Release|Any CPU
		{98174E30-02D7-4E31-A650-9CEE49CB498D}.Release|Any CPU.Build.0 = Release|Any CPU
		{98174E30-02D7-4E31-A650-9CEE49CB498D}.Release|ARM.ActiveCfg = Release|ARM
		{98174E30-02D7-4E31-A650-9CEE49CB498D}.Release|ARM.Build.0 = Release|ARM
		{98174E30-02D7-4E31-A650-9CEE49CB498D}.Release|x64.ActiveCfg = Release|x64
		{98174E30-02D7-4E31-A650-9CEE49CB498D}.Release|x64.Build.0 = Release|x64
		{98174E30-02D7-4E31-A650-9CEE49CB498D}.Release|x86.ActiveCfg = Release|x86
		{98174E30-02D7-4E31-A650-9CEE49CB498D}.Release|x86.Build.0 = Release|x86
	EndGlobalSection
	GlobalSection(SolutionProperties) = preSolution
		HideSolutionNode = FALSE
	EndGlobalSection
	GlobalSection(ExtensibilityGlobals) = postSolution
		SolutionGuid = {AF6CCA35-BBA9-4E6C-B371-EF6FFBF24E04}
	EndGlobalSection
EndGlobal
